
Microsoft Visual Studio Solution File, Format Version 12.00
# Visual Studio Version 17
VisualStudioVersion = 17.14.36811.4 d17.14
MinimumVisualStudioVersion = 10.0.40219.1
Project("{FAE04EC0-301F-11D3-BF4B-00C04F79EFBC}") = "ScriptAutomation", "ScriptAutomation\ScriptAutomation.csproj", "{83C64305-AB65-4250-9E30-56D5589FA07C}"
EndProject
Global
	GlobalSection(SolutionConfigurationPlatforms) = preSolution
		Debug|Any CPU = Debug|Any CPU
		Release|Any CPU = Release|Any CPU
	EndGlobalSection
	GlobalSection(ProjectConfigurationPlatforms) = postSolution
		{83C64305-AB65-4250-9E30-56D5589FA07C}.Debug|Any CPU.ActiveCfg = Debug|Any CPU
		{83C64305-AB65-4250-9E30-56D5589FA07C}.Debug|Any CPU.Build.0 = Debug|Any CPU
		{83C64305-AB65-4250-9E30-56D5589FA07C}.Release|Any CPU.ActiveCfg = Release|Any CPU
		{83C64305-AB65-4250-9E30-56D5589FA07C}.Release|Any CPU.Build.0 = Release|Any CPU
	EndGlobalSection
	GlobalSection(SolutionProperties) = preSolution
		HideSolutionNode = FALSE
	EndGlobalSection
	GlobalSection(ExtensibilityGlobals) = postSolution
		SolutionGuid = {8726BF08-B904-4D66-A88B-769E3159D512}
	EndGlobalSection
EndGlobal
